// !$*UTF8*$!
{
	archiveVersion = 1;
	classes = {
	};
	objectVersion = 56;
	objects = {

/* Begin PBXBuildFile section */
		7B4821832BAAE3DE003F9A8F /* ImplementUnitTestingApp.swift in Sources */ = {isa = PBXBuildFile; fileRef = 7B4821822BAAE3DE003F9A8F /* ImplementUnitTestingApp.swift */; };
		7B4821852BAAE3DE003F9A8F /* ContentView.swift in Sources */ = {isa = PBXBuildFile; fileRef = 7B4821842BAAE3DE003F9A8F /* ContentView.swift */; };
		7B4821872BAAE3E0003F9A8F /* Assets.xcassets in Resources */ = {isa = PBXBuildFile; fileRef = 7B4821862BAAE3E0003F9A8F /* Assets.xcassets */; };
		7B48218A2BAAE3E0003F9A8F /* Preview Assets.xcassets in Resources */ = {isa = PBXBuildFile; fileRef = 7B4821892BAAE3E0003F9A8F /* Preview Assets.xcassets */; };
		7B4821942BAAE3E0003F9A8F /* ImplementUnitTestingTests.swift in Sources */ = {isa = PBXBuildFile; fileRef = 7B4821932BAAE3E0003F9A8F /* ImplementUnitTestingTests.swift */; };
		7B48219E2BAAE3E0003F9A8F /* ImplementUnitTestingUITests.swift in Sources */ = {isa = PBXBuildFile; fileRef = 7B48219D2BAAE3E0003F9A8F /* ImplementUnitTestingUITests.swift */; };
		7B4821A02BAAE3E0003F9A8F /* ImplementUnitTestingUITestsLaunchTests.swift in Sources */ = {isa = PBXBuildFile; fileRef = 7B48219F2BAAE3E0003F9A8F /* ImplementUnitTestingUITestsLaunchTests.swift */; };
/* End PBXBuildFile section */

/* Begin PBXContainerItemProxy section */
		7B4821902BAAE3E0003F9A8F /* PBXContainerItemProxy */ = {
			isa = PBXContainerItemProxy;
			containerPortal = 7B4821772BAAE3DE003F9A8F /* Project object */;
			proxyType = 1;
			remoteGlobalIDString = 7B48217E2BAAE3DE003F9A8F;
			remoteInfo = ImplementUnitTesting;
		};
		7B48219A2BAAE3E0003F9A8F /* PBXContainerItemProxy */ = {
			isa = PBXContainerItemProxy;
			containerPortal = 7B4821772BAAE3DE003F9A8F /* Project object */;
			proxyType = 1;
			remoteGlobalIDString = 7B48217E2BAAE3DE003F9A8F;
			remoteInfo = ImplementUnitTesting;
		};
/* End PBXContainerItemProxy section */

/* Begin PBXFileReference section */
		7B48217F2BAAE3DE003F9A8F /* ImplementUnitTesting.app */ = {isa = PBXFileReference; explicitFileType = wrapper.application; includeInIndex = 0; path = ImplementUnitTesting.app; sourceTree = BUILT_PRODUCTS_DIR; };
		7B4821822BAAE3DE003F9A8F /* ImplementUnitTestingApp.swift */ = {isa = PBXFileReference; lastKnownFileType = sourcecode.swift; path = ImplementUnitTestingApp.swift; sourceTree = "<group>"; };
		7B4821842BAAE3DE003F9A8F /* ContentView.swift */ = {isa = PBXFileReference; lastKnownFileType = sourcecode.swift; path = ContentView.swift; sourceTree = "<group>"; };
		7B4821862BAAE3E0003F9A8F /* Assets.xcassets */ = {isa = PBXFileReference; lastKnownFileType = folder.assetcatalog; path = Assets.xcassets; sourceTree = "<group>"; };
		7B4821892BAAE3E0003F9A8F /* Preview Assets.xcassets */ = {isa = PBXFileReference; lastKnownFileType = folder.assetcatalog; path = "Preview Assets.xcassets"; sourceTree = "<group>"; };
		7B48218F2BAAE3E0003F9A8F /* ImplementUnitTestingTests.xctest */ = {isa = PBXFileReference; explicitFileType = wrapper.cfbundle; includeInIndex = 0; path = ImplementUnitTestingTests.xctest; sourceTree = BUILT_PRODUCTS_DIR; };
		7B4821932BAAE3E0003F9A8F /* ImplementUnitTestingTests.swift */ = {isa = PBXFileReference; lastKnownFileType = sourcecode.swift; path = ImplementUnitTestingTests.swift; sourceTree = "<group>"; };
		7B4821992BAAE3E0003F9A8F /* ImplementUnitTestingUITests.xctest */ = {isa = PBXFileReference; explicitFileType = wrapper.cfbundle; includeInIndex = 0; path = ImplementUnitTestingUITests.xctest; sourceTree = BUILT_PRODUCTS_DIR; };
		7B48219D2BAAE3E0003F9A8F /* ImplementUnitTestingUITests.swift */ = {isa = PBXFileReference; lastKnownFileType = sourcecode.swift; path = ImplementUnitTestingUITests.swift; sourceTree = "<group>"; };
		7B48219F2BAAE3E0003F9A8F /* ImplementUnitTestingUITestsLaunchTests.swift */ = {isa = PBXFileReference; lastKnownFileType = sourcecode.swift; path = ImplementUnitTestingUITestsLaunchTests.swift; sourceTree = "<group>"; };
/* End PBXFileReference section */

/* Begin PBXFrameworksBuildPhase section */
		7B48217C2BAAE3DE003F9A8F /* Frameworks */ = {
			isa = PBXFrameworksBuildPhase;
			buildActionMask = 2147483647;
			files = (
			);
			runOnlyForDeploymentPostprocessing = 0;
		};
		7B48218C2BAAE3E0003F9A8F /* Frameworks */ = {
			isa = PBXFrameworksBuildPhase;
			buildActionMask = 2147483647;
			files = (
			);
			runOnlyForDeploymentPostprocessing = 0;
		};
		7B4821962BAAE3E0003F9A8F /* Frameworks */ = {
			isa = PBXFrameworksBuildPhase;
			buildActionMask = 2147483647;
			files = (
			);
			runOnlyForDeploymentPostprocessing = 0;
		};
/* End PBXFrameworksBuildPhase section */

/* Begin PBXGroup section */
		7B4821762BAAE3DE003F9A8F = {
			isa = PBXGroup;
			children = (
				7B4821812BAAE3DE003F9A8F /* ImplementUnitTesting */,
				7B4821922BAAE3E0003F9A8F /* ImplementUnitTestingTests */,
				7B48219C2BAAE3E0003F9A8F /* ImplementUnitTestingUITests */,
				7B4821802BAAE3DE003F9A8F /* Products */,
			);
			sourceTree = "<group>";
		};
		7B4821802BAAE3DE003F9A8F /* Products */ = {
			isa = PBXGroup;
			children = (
				7B48217F2BAAE3DE003F9A8F /* ImplementUnitTesting.app */,
				7B48218F2BAAE3E0003F9A8F /* ImplementUnitTestingTests.xctest */,
				7B4821992BAAE3E0003F9A8F /* ImplementUnitTestingUITests.xctest */,
			);
			name = Products;
			sourceTree = "<group>";
		};
		7B4821812BAAE3DE003F9A8F /* ImplementUnitTesting */ = {
			isa = PBXGroup;
			children = (
				7B4821822BAAE3DE003F9A8F /* ImplementUnitTestingApp.swift */,
				7B4821842BAAE3DE003F9A8F /* ContentView.swift */,
				7B4821862BAAE3E0003F9A8F /* Assets.xcassets */,
				7B4821882BAAE3E0003F9A8F /* Preview Content */,
			);
			path = ImplementUnitTesting;
			sourceTree = "<group>";
		};
		7B4821882BAAE3E0003F9A8F /* Preview Content */ = {
			isa = PBXGroup;
			children = (
				7B4821892BAAE3E0003F9A8F /* Preview Assets.xcassets */,
			);
			path = "Preview Content";
			sourceTree = "<group>";
		};
		7B4821922BAAE3E0003F9A8F /* ImplementUnitTestingTests */ = {
			isa = PBXGroup;
			children = (
				7B4821932BAAE3E0003F9A8F /* ImplementUnitTestingTests.swift */,
			);
			path = ImplementUnitTestingTests;
			sourceTree = "<group>";
		};
		7B48219C2BAAE3E0003F9A8F /* ImplementUnitTestingUITests */ = {
			isa = PBXGroup;
			children = (
				7B48219D2BAAE3E0003F9A8F /* ImplementUnitTestingUITests.swift */,
				7B48219F2BAAE3E0003F9A8F /* ImplementUnitTestingUITestsLaunchTests.swift */,
			);
			path = ImplementUnitTestingUITests;
			sourceTree = "<group>";
		};
/* End PBXGroup section */

/* Begin PBXNativeTarget section */
		7B48217E2BAAE3DE003F9A8F /* ImplementUnitTesting */ = {
			isa = PBXNativeTarget;
			buildConfigurationList = 7B4821A32BAAE3E0003F9A8F /* Build configuration list for PBXNativeTarget "ImplementUnitTesting" */;
			buildPhases = (
				7B48217B2BAAE3DE003F9A8F /* Sources */,
				7B48217C2BAAE3DE003F9A8F /* Frameworks */,
				7B48217D2BAAE3DE003F9A8F /* Resources */,
			);
			buildRules = (
			);
			dependencies = (
			);
			name = ImplementUnitTesting;
			productName = ImplementUnitTesting;
			productReference = 7B48217F2BAAE3DE003F9A8F /* ImplementUnitTesting.app */;
			productType = "com.apple.product-type.application";
		};
		7B48218E2BAAE3E0003F9A8F /* ImplementUnitTestingTests */ = {
			isa = PBXNativeTarget;
			buildConfigurationList = 7B4821A62BAAE3E0003F9A8F /* Build configuration list for PBXNativeTarget "ImplementUnitTestingTests" */;
			buildPhases = (
				7B48218B2BAAE3E0003F9A8F /* Sources */,
				7B48218C2BAAE3E0003F9A8F /* Frameworks */,
				7B48218D2BAAE3E0003F9A8F /* Resources */,
			);
			buildRules = (
			);
			dependencies = (
				7B4821912BAAE3E0003F9A8F /* PBXTargetDependency */,
			);
			name = ImplementUnitTestingTests;
			productName = ImplementUnitTestingTests;
			productReference = 7B48218F2BAAE3E0003F9A8F /* ImplementUnitTestingTests.xctest */;
			productType = "com.apple.product-type.bundle.unit-test";
		};
		7B4821982BAAE3E0003F9A8F /* ImplementUnitTestingUITests */ = {
			isa = PBXNativeTarget;
			buildConfigurationList = 7B4821A92BAAE3E0003F9A8F /* Build configuration list for PBXNativeTarget "ImplementUnitTestingUITests" */;
			buildPhases = (
				7B4821952BAAE3E0003F9A8F /* Sources */,
				7B4821962BAAE3E0003F9A8F /* Frameworks */,
				7B4821972BAAE3E0003F9A8F /* Resources */,
			);
			buildRules = (
			);
			dependencies = (
				7B48219B2BAAE3E0003F9A8F /* PBXTargetDependency */,
			);
			name = ImplementUnitTestingUITests;
			productName = ImplementUnitTestingUITests;
			productReference = 7B4821992BAAE3E0003F9A8F /* ImplementUnitTestingUITests.xctest */;
			productType = "com.apple.product-type.bundle.ui-testing";
		};
/* End PBXNativeTarget section */

/* Begin PBXProject section */
		7B4821772BAAE3DE003F9A8F /* Project object */ = {
			isa = PBXProject;
			attributes = {
				BuildIndependentTargetsInParallel = 1;
				LastSwiftUpdateCheck = 1530;
				LastUpgradeCheck = 1530;
				TargetAttributes = {
					7B48217E2BAAE3DE003F9A8F = {
						CreatedOnToolsVersion = 15.3;
					};
					7B48218E2BAAE3E0003F9A8F = {
						CreatedOnToolsVersion = 15.3;
						TestTargetID = 7B48217E2BAAE3DE003F9A8F;
					};
					7B4821982BAAE3E0003F9A8F = {
						CreatedOnToolsVersion = 15.3;
						TestTargetID = 7B48217E2BAAE3DE003F9A8F;
					};
				};
			};
			buildConfigurationList = 7B48217A2BAAE3DE003F9A8F /* Build configuration list for PBXProject "ImplementUnitTesting" */;
			compatibilityVersion = "Xcode 14.0";
			developmentRegion = en;
			hasScannedForEncodings = 0;
			knownRegions = (
				en,
				Base,
			);
			mainGroup = 7B4821762BAAE3DE003F9A8F;
			productRefGroup = 7B4821802BAAE3DE003F9A8F /* Products */;
			projectDirPath = "";
			projectRoot = "";
			targets = (
				7B48217E2BAAE3DE003F9A8F /* ImplementUnitTesting */,
				7B48218E2BAAE3E0003F9A8F /* ImplementUnitTestingTests */,
				7B4821982BAAE3E0003F9A8F /* ImplementUnitTestingUITests */,
			);
		};
/* End PBXProject section */

/* Begin PBXResourcesBuildPhase section */
		7B48217D2BAAE3DE003F9A8F /* Resources */ = {
			isa = PBXResourcesBuildPhase;
			buildActionMask = 2147483647;
			files = (
				7B48218A2BAAE3E0003F9A8F /* Preview Assets.xcassets in Resources */,
				7B4821872BAAE3E0003F9A8F /* Assets.xcassets in Resources */,
			);
			runOnlyForDeploymentPostprocessing = 0;
		};
		7B48218D2BAAE3E0003F9A8F /* Resources */ = {
			isa = PBXResourcesBuildPhase;
			buildActionMask = 2147483647;
			files = (
			);
			runOnlyForDeploymentPostprocessing = 0;
		};
		7B4821972BAAE3E0003F9A8F /* Resources */ = {
			isa = PBXResourcesBuildPhase;
			buildActionMask = 2147483647;
			files = (
			);
			runOnlyForDeploymentPostprocessing = 0;
		};
/* End PBXResourcesBuildPhase section */

/* Begin PBXSourcesBuildPhase section */
		7B48217B2BAAE3DE003F9A8F /* Sources */ = {
			isa = PBXSourcesBuildPhase;
			buildActionMask = 2147483647;
			files = (
				7B4821852BAAE3DE003F9A8F /* ContentView.swift in Sources */,
				7B4821832BAAE3DE003F9A8F /* ImplementUnitTestingApp.swift in Sources */,
			);
			runOnlyForDeploymentPostprocessing = 0;
		};
		7B48218B2BAAE3E0003F9A8F /* Sources */ = {
			isa = PBXSourcesBuildPhase;
			buildActionMask = 2147483647;
			files = (
				7B4821942BAAE3E0003F9A8F /* ImplementUnitTestingTests.swift in Sources */,
			);
			runOnlyForDeploymentPostprocessing = 0;
		};
		7B4821952BAAE3E0003F9A8F /* Sources */ = {
			isa = PBXSourcesBuildPhase;
			buildActionMask = 2147483647;
			files = (
				7B48219E2BAAE3E0003F9A8F /* ImplementUnitTestingUITests.swift in Sources */,
				7B4821A02BAAE3E0003F9A8F /* ImplementUnitTestingUITestsLaunchTests.swift in Sources */,
			);
			runOnlyForDeploymentPostprocessing = 0;
		};
/* End PBXSourcesBuildPhase section */

/* Begin PBXTargetDependency section */
		7B4821912BAAE3E0003F9A8F /* PBXTargetDependency */ = {
			isa = PBXTargetDependency;
			target = 7B48217E2BAAE3DE003F9A8F /* ImplementUnitTesting */;
			targetProxy = 7B4821902BAAE3E0003F9A8F /* PBXContainerItemProxy */;
		};
		7B48219B2BAAE3E0003F9A8F /* PBXTargetDependency */ = {
			isa = PBXTargetDependency;
			target = 7B48217E2BAAE3DE003F9A8F /* ImplementUnitTesting */;
			targetProxy = 7B48219A2BAAE3E0003F9A8F /* PBXContainerItemProxy */;
		};
/* End PBXTargetDependency section */

/* Begin XCBuildConfiguration section */
		7B4821A12BAAE3E0003F9A8F /* Debug */ = {
			isa = XCBuildConfiguration;
			buildSettings = {
				ALWAYS_SEARCH_USER_PATHS = NO;
				ASSETCATALOG_COMPILER_GENERATE_SWIFT_ASSET_SYMBOL_EXTENSIONS = YES;
				CLANG_ANALYZER_NONNULL = YES;
				CLANG_ANALYZER_NUMBER_OBJECT_CONVERSION = YES_AGGRESSIVE;
				CLANG_CXX_LANGUAGE_STANDARD = "gnu++20";
				CLANG_ENABLE_MODULES = YES;
				CLANG_ENABLE_OBJC_ARC = YES;
				CLANG_ENABLE_OBJC_WEAK = YES;
				CLANG_WARN_BLOCK_CAPTURE_AUTORELEASING = YES;
				CLANG_WARN_BOOL_CONVERSION = YES;
				CLANG_WARN_COMMA = YES;
				CLANG_WARN_CONSTANT_CONVERSION = YES;
				CLANG_WARN_DEPRECATED_OBJC_IMPLEMENTATIONS = YES;
				CLANG_WARN_DIRECT_OBJC_ISA_USAGE = YES_ERROR;
				CLANG_WARN_DOCUMENTATION_COMMENTS = YES;
				CLANG_WARN_EMPTY_BODY = YES;
				CLANG_WARN_ENUM_CONVERSION = YES;
				CLANG_WARN_INFINITE_RECURSION = YES;
				CLANG_WARN_INT_CONVERSION = YES;
				CLANG_WARN_NON_LITERAL_NULL_CONVERSION = YES;
				CLANG_WARN_OBJC_IMPLICIT_RETAIN_SELF = YES;
				CLANG_WARN_OBJC_LITERAL_CONVERSION = YES;
				CLANG_WARN_OBJC_ROOT_CLASS = YES_ERROR;
				CLANG_WARN_QUOTED_INCLUDE_IN_FRAMEWORK_HEADER = YES;
				CLANG_WARN_RANGE_LOOP_ANALYSIS = YES;
				CLANG_WARN_STRICT_PROTOTYPES = YES;
				CLANG_WARN_SUSPICIOUS_MOVE = YES;
				CLANG_WARN_UNGUARDED_AVAILABILITY = YES_AGGRESSIVE;
				CLANG_WARN_UNREACHABLE_CODE = YES;
				CLANG_WARN__DUPLICATE_METHOD_MATCH = YES;
				COPY_PHASE_STRIP = NO;
				DEBUG_INFORMATION_FORMAT = dwarf;
				ENABLE_STRICT_OBJC_MSGSEND = YES;
				ENABLE_TESTABILITY = YES;
				ENABLE_USER_SCRIPT_SANDBOXING = YES;
				GCC_C_LANGUAGE_STANDARD = gnu17;
				GCC_DYNAMIC_NO_PIC = NO;
				GCC_NO_COMMON_BLOCKS = YES;
				GCC_OPTIMIZATION_LEVEL = 0;
				GCC_PREPROCESSOR_DEFINITIONS = (
					"DEBUG=1",
					"$(inherited)",
				);
				GCC_WARN_64_TO_32_BIT_CONVERSION = YES;
				GCC_WARN_ABOUT_RETURN_TYPE = YES_ERROR;
				GCC_WARN_UNDECLARED_SELECTOR = YES;
				GCC_WARN_UNINITIALIZED_AUTOS = YES_AGGRESSIVE;
				GCC_WARN_UNUSED_FUNCTION = YES;
				GCC_WARN_UNUSED_VARIABLE = YES;
				IPHONEOS_DEPLOYMENT_TARGET = 17.4;
				LOCALIZATION_PREFERS_STRING_CATALOGS = YES;
				MTL_ENABLE_DEBUG_INFO = INCLUDE_SOURCE;
				MTL_FAST_MATH = YES;
				ONLY_ACTIVE_ARCH = YES;
				SDKROOT = iphoneos;
				SWIFT_ACTIVE_COMPILATION_CONDITIONS = "DEBUG $(inherited)";
				SWIFT_OPTIMIZATION_LEVEL = "-Onone";
			};
			name = Debug;
		};
		7B4821A22BAAE3E0003F9A8F /* Release */ = {
			isa = XCBuildConfiguration;
			buildSettings = {
				ALWAYS_SEARCH_USER_PATHS = NO;
				ASSETCATALOG_COMPILER_GENERATE_SWIFT_ASSET_SYMBOL_EXTENSIONS = YES;
				CLANG_ANALYZER_NONNULL = YES;
				CLANG_ANALYZER_NUMBER_OBJECT_CONVERSION = YES_AGGRESSIVE;
				CLANG_CXX_LANGUAGE_STANDARD = "gnu++20";
				CLANG_ENABLE_MODULES = YES;
				CLANG_ENABLE_OBJC_ARC = YES;
				CLANG_ENABLE_OBJC_WEAK = YES;
				CLANG_WARN_BLOCK_CAPTURE_AUTORELEASING = YES;
				CLANG_WARN_BOOL_CONVERSION = YES;
				CLANG_WARN_COMMA = YES;
				CLANG_WARN_CONSTANT_CONVERSION = YES;
				CLANG_WARN_DEPRECATED_OBJC_IMPLEMENTATIONS = YES;
				CLANG_WARN_DIRECT_OBJC_ISA_USAGE = YES_ERROR;
				CLANG_WARN_DOCUMENTATION_COMMENTS = YES;
				CLANG_WARN_EMPTY_BODY = YES;
				CLANG_WARN_ENUM_CONVERSION = YES;
				CLANG_WARN_INFINITE_RECURSION = YES;
				CLANG_WARN_INT_CONVERSION = YES;
				CLANG_WARN_NON_LITERAL_NULL_CONVERSION = YES;
				CLANG_WARN_OBJC_IMPLICIT_RETAIN_SELF = YES;
				CLANG_WARN_OBJC_LITERAL_CONVERSION = YES;
				CLANG_WARN_OBJC_ROOT_CLASS = YES_ERROR;
				CLANG_WARN_QUOTED_INCLUDE_IN_FRAMEWORK_HEADER = YES;
				CLANG_WARN_RANGE_LOOP_ANALYSIS = YES;
				CLANG_WARN_STRICT_PROTOTYPES = YES;
				CLANG_WARN_SUSPICIOUS_MOVE = YES;
				CLANG_WARN_UNGUARDED_AVAILABILITY = YES_AGGRESSIVE;
				CLANG_WARN_UNREACHABLE_CODE = YES;
				CLANG_WARN__DUPLICATE_METHOD_MATCH = YES;
				COPY_PHASE_STRIP = NO;
				DEBUG_INFORMATION_FORMAT = "dwarf-with-dsym";
				ENABLE_NS_ASSERTIONS = NO;
				ENABLE_STRICT_OBJC_MSGSEND = YES;
				ENABLE_USER_SCRIPT_SANDBOXING = YES;
				GCC_C_LANGUAGE_STANDARD = gnu17;
				GCC_NO_COMMON_BLOCKS = YES;
				GCC_WARN_64_TO_32_BIT_CONVERSION = YES;
				GCC_WARN_ABOUT_RETURN_TYPE = YES_ERROR;
				GCC_WARN_UNDECLARED_SELECTOR = YES;
				GCC_WARN_UNINITIALIZED_AUTOS = YES_AGGRESSIVE;
				GCC_WARN_UNUSED_FUNCTION = YES;
				GCC_WARN_UNUSED_VARIABLE = YES;
				IPHONEOS_DEPLOYMENT_TARGET = 17.4;
				LOCALIZATION_PREFERS_STRING_CATALOGS = YES;
				MTL_ENABLE_DEBUG_INFO = NO;
				MTL_FAST_MATH = YES;
				SDKROOT = iphoneos;
				SWIFT_COMPILATION_MODE = wholemodule;
				VALIDATE_PRODUCT = YES;
			};
			name = Release;
		};
		7B4821A42BAAE3E0003F9A8F /* Debug */ = {
			isa = XCBuildConfiguration;
			buildSettings = {
				ASSETCATALOG_COMPILER_APPICON_NAME = AppIcon;
				ASSETCATALOG_COMPILER_GLOBAL_ACCENT_COLOR_NAME = AccentColor;
				CODE_SIGN_STYLE = Automatic;
				CURRENT_PROJECT_VERSION = 1;
				DEVELOPMENT_ASSET_PATHS = "\"ImplementUnitTesting/Preview Content\"";
				DEVELOPMENT_TEAM = JKPT735J88;
				ENABLE_PREVIEWS = YES;
				GENERATE_INFOPLIST_FILE = YES;
				INFOPLIST_KEY_UIApplicationSceneManifest_Generation = YES;
				INFOPLIST_KEY_UIApplicationSupportsIndirectInputEvents = YES;
				INFOPLIST_KEY_UILaunchScreen_Generation = YES;
				INFOPLIST_KEY_UISupportedInterfaceOrientations_iPad = "UIInterfaceOrientationPortrait UIInterfaceOrientationPortraitUpsideDown UIInterfaceOrientationLandscapeLeft UIInterfaceOrientationLandscapeRight";
				INFOPLIST_KEY_UISupportedInterfaceOrientations_iPhone = "UIInterfaceOrientationPortrait UIInterfaceOrientationLandscapeLeft UIInterfaceOrientationLandscapeRight";
				LD_RUNPATH_SEARCH_PATHS = (
					"$(inherited)",
					"@executable_path/Frameworks",
				);
				MARKETING_VERSION = 1.0;
				PRODUCT_BUNDLE_IDENTIFIER = shturkhal.ImplementUnitTesting;
				PRODUCT_NAME = "$(TARGET_NAME)";
				SWIFT_EMIT_LOC_STRINGS = YES;
				SWIFT_VERSION = 5.0;
				TARGETED_DEVICE_FAMILY = "1,2";
			};
			name = Debug;
		};
		7B4821A52BAAE3E0003F9A8F /* Release */ = {
			isa = XCBuildConfiguration;
			buildSettings = {
				ASSETCATALOG_COMPILER_APPICON_NAME = AppIcon;
				ASSETCATALOG_COMPILER_GLOBAL_ACCENT_COLOR_NAME = AccentColor;
				CODE_SIGN_STYLE = Automatic;
				CURRENT_PROJECT_VERSION = 1;
				DEVELOPMENT_ASSET_PATHS = "\"ImplementUnitTesting/Preview Content\"";
				DEVELOPMENT_TEAM = JKPT735J88;
				ENABLE_PREVIEWS = YES;
				GENERATE_INFOPLIST_FILE = YES;
				INFOPLIST_KEY_UIApplicationSceneManifest_Generation = YES;
				INFOPLIST_KEY_UIApplicationSupportsIndirectInputEvents = YES;
				INFOPLIST_KEY_UILaunchScreen_Generation = YES;
				INFOPLIST_KEY_UISupportedInterfaceOrientations_iPad = "UIInterfaceOrientationPortrait UIInterfaceOrientationPortraitUpsideDown UIInterfaceOrientationLandscapeLeft UIInterfaceOrientationLandscapeRight";
				INFOPLIST_KEY_UISupportedInterfaceOrientations_iPhone = "UIInterfaceOrientationPortrait UIInterfaceOrientationLandscapeLeft UIInterfaceOrientationLandscapeRight";
				LD_RUNPATH_SEARCH_PATHS = (
					"$(inherited)",
					"@executable_path/Frameworks",
				);
				MARKETING_VERSION = 1.0;
				PRODUCT_BUNDLE_IDENTIFIER = shturkhal.ImplementUnitTesting;
				PRODUCT_NAME = "$(TARGET_NAME)";
				SWIFT_EMIT_LOC_STRINGS = YES;
				SWIFT_VERSION = 5.0;
				TARGETED_DEVICE_FAMILY = "1,2";
			};
			name = Release;
		};
		7B4821A72BAAE3E0003F9A8F /* Debug */ = {
			isa = XCBuildConfiguration;
			buildSettings = {
				ALWAYS_EMBED_SWIFT_STANDARD_LIBRARIES = YES;
				BUNDLE_LOADER = "$(TEST_HOST)";
				CODE_SIGN_STYLE = Automatic;
				CURRENT_PROJECT_VERSION = 1;
				DEVELOPMENT_TEAM = JKPT735J88;
				GENERATE_INFOPLIST_FILE = YES;
				IPHONEOS_DEPLOYMENT_TARGET = 17.4;
				MARKETING_VERSION = 1.0;
				PRODUCT_BUNDLE_IDENTIFIER = shturkhal.ImplementUnitTestingTests;
				PRODUCT_NAME = "$(TARGET_NAME)";
				SWIFT_EMIT_LOC_STRINGS = NO;
				SWIFT_VERSION = 5.0;
				TARGETED_DEVICE_FAMILY = "1,2";
				TEST_HOST = "$(BUILT_PRODUCTS_DIR)/ImplementUnitTesting.app/$(BUNDLE_EXECUTABLE_FOLDER_PATH)/ImplementUnitTesting";
			};
			name = Debug;
		};
		7B4821A82BAAE3E0003F9A8F /* Release */ = {
			isa = XCBuildConfiguration;
			buildSettings = {
				ALWAYS_EMBED_SWIFT_STANDARD_LIBRARIES = YES;
				BUNDLE_LOADER = "$(TEST_HOST)";
				CODE_SIGN_STYLE = Automatic;
				CURRENT_PROJECT_VERSION = 1;
				DEVELOPMENT_TEAM = JKPT735J88;
				GENERATE_INFOPLIST_FILE = YES;
				IPHONEOS_DEPLOYMENT_TARGET = 17.4;
				MARKETING_VERSION = 1.0;
				PRODUCT_BUNDLE_IDENTIFIER = shturkhal.ImplementUnitTestingTests;
				PRODUCT_NAME = "$(TARGET_NAME)";
				SWIFT_EMIT_LOC_STRINGS = NO;
				SWIFT_VERSION = 5.0;
				TARGETED_DEVICE_FAMILY = "1,2";
				TEST_HOST = "$(BUILT_PRODUCTS_DIR)/ImplementUnitTesting.app/$(BUNDLE_EXECUTABLE_FOLDER_PATH)/ImplementUnitTesting";
			};
			name = Release;
		};
		7B4821AA2BAAE3E0003F9A8F /* Debug */ = {
			isa = XCBuildConfiguration;
			buildSettings = {
				ALWAYS_EMBED_SWIFT_STANDARD_LIBRARIES = YES;
				CODE_SIGN_STYLE = Automatic;
				CURRENT_PROJECT_VERSION = 1;
				DEVELOPMENT_TEAM = JKPT735J88;
				GENERATE_INFOPLIST_FILE = YES;
				MARKETING_VERSION = 1.0;
				PRODUCT_BUNDLE_IDENTIFIER = shturkhal.ImplementUnitTestingUITests;
				PRODUCT_NAME = "$(TARGET_NAME)";
				SWIFT_EMIT_LOC_STRINGS = NO;
				SWIFT_VERSION = 5.0;
				TARGETED_DEVICE_FAMILY = "1,2";
				TEST_TARGET_NAME = ImplementUnitTesting;
			};
			name = Debug;
		};
		7B4821AB2BAAE3E0003F9A8F /* Release */ = {
			isa = XCBuildConfiguration;
			buildSettings = {
				ALWAYS_EMBED_SWIFT_STANDARD_LIBRARIES = YES;
				CODE_SIGN_STYLE = Automatic;
				CURRENT_PROJECT_VERSION = 1;
				DEVELOPMENT_TEAM = JKPT735J88;
				GENERATE_INFOPLIST_FILE = YES;
				MARKETING_VERSION = 1.0;
				PRODUCT_BUNDLE_IDENTIFIER = shturkhal.ImplementUnitTestingUITests;
				PRODUCT_NAME = "$(TARGET_NAME)";
				SWIFT_EMIT_LOC_STRINGS = NO;
				SWIFT_VERSION = 5.0;
				TARGETED_DEVICE_FAMILY = "1,2";
				TEST_TARGET_NAME = ImplementUnitTesting;
			};
			name = Release;
		};
/* End XCBuildConfiguration section */

/* Begin XCConfigurationList section */
		7B48217A2BAAE3DE003F9A8F /* Build configuration list for PBXProject "ImplementUnitTesting" */ = {
			isa = XCConfigurationList;
			buildConfigurations = (
				7B4821A12BAAE3E0003F9A8F /* Debug */,
				7B4821A22BAAE3E0003F9A8F /* Release */,
			);
			defaultConfigurationIsVisible = 0;
			defaultConfigurationName = Release;
		};
		7B4821A32BAAE3E0003F9A8F /* Build configuration list for PBXNativeTarget "ImplementUnitTesting" */ = {
			isa = XCConfigurationList;
			buildConfigurations = (
				7B4821A42BAAE3E0003F9A8F /* Debug */,
				7B4821A52BAAE3E0003F9A8F /* Release */,
			);
			defaultConfigurationIsVisible = 0;
			defaultConfigurationName = Release;
		};
		7B4821A62BAAE3E0003F9A8F /* Build configuration list for PBXNativeTarget "ImplementUnitTestingTests" */ = {
			isa = XCConfigurationList;
			buildConfigurations = (
				7B4821A72BAAE3E0003F9A8F /* Debug */,
				7B4821A82BAAE3E0003F9A8F /* Release */,
			);
			defaultConfigurationIsVisible = 0;
			defaultConfigurationName = Release;
		};
		7B4821A92BAAE3E0003F9A8F /* Build configuration list for PBXNativeTarget "ImplementUnitTestingUITests" */ = {
			isa = XCConfigurationList;
			buildConfigurations = (
				7B4821AA2BAAE3E0003F9A8F /* Debug */,
				7B4821AB2BAAE3E0003F9A8F /* Release */,
			);
			defaultConfigurationIsVisible = 0;
			defaultConfigurationName = Release;
		};
/* End XCConfigurationList section */
	};
	rootObject = 7B4821772BAAE3DE003F9A8F /* Project object */;
}
